// !$*UTF8*$!
{
	archiveVersion = 1;
	classes = {
	};
	objectVersion = 56;
	objects = {

/* Begin PBXBuildFile section */
		910F1D4D2A83C8A1008A9FA6 /* TwitterSwiftUICloneApp.swift in Sources */ = {isa = PBXBuildFile; fileRef = 910F1D4C2A83C8A1008A9FA6 /* TwitterSwiftUICloneApp.swift */; };
		910F1D4F2A83C8A1008A9FA6 /* ContentView.swift in Sources */ = {isa = PBXBuildFile; fileRef = 910F1D4E2A83C8A1008A9FA6 /* ContentView.swift */; };
		910F1D512A83C8A2008A9FA6 /* Assets.xcassets in Resources */ = {isa = PBXBuildFile; fileRef = 910F1D502A83C8A2008A9FA6 /* Assets.xcassets */; };
		910F1D542A83C8A2008A9FA6 /* Preview Assets.xcassets in Resources */ = {isa = PBXBuildFile; fileRef = 910F1D532A83C8A2008A9FA6 /* Preview Assets.xcassets */; };
		913E32A62A9EAD2F00D8E6FB /* ExploreView.swift in Sources */ = {isa = PBXBuildFile; fileRef = 913E32A52A9EAD2F00D8E6FB /* ExploreView.swift */; };
		913E32A92A9EAD6000D8E6FB /* NotificationsView.swift in Sources */ = {isa = PBXBuildFile; fileRef = 913E32A82A9EAD6000D8E6FB /* NotificationsView.swift */; };
		913E32AC2A9EAD8A00D8E6FB /* MessagesView.swift in Sources */ = {isa = PBXBuildFile; fileRef = 913E32AB2A9EAD8A00D8E6FB /* MessagesView.swift */; };
		913E32B02A9EAED800D8E6FB /* ProfileView.swift in Sources */ = {isa = PBXBuildFile; fileRef = 913E32AF2A9EAED800D8E6FB /* ProfileView.swift */; };
		913E32B32A9F76E500D8E6FB /* TweetFilterViewModel.swift in Sources */ = {isa = PBXBuildFile; fileRef = 913E32B22A9F76E500D8E6FB /* TweetFilterViewModel.swift */; };
		913E32B72AA165AF00D8E6FB /* UserRowView.swift in Sources */ = {isa = PBXBuildFile; fileRef = 913E32B62AA165AF00D8E6FB /* UserRowView.swift */; };
		91E14D912A83CFD1003BFD40 /* FeedView.swift in Sources */ = {isa = PBXBuildFile; fileRef = 91E14D902A83CFD1003BFD40 /* FeedView.swift */; };
		91E14D942A83D089003BFD40 /* TweetRowView.swift in Sources */ = {isa = PBXBuildFile; fileRef = 91E14D932A83D089003BFD40 /* TweetRowView.swift */; };
		91E14D972A83D95A003BFD40 /* MainTabView.swift in Sources */ = {isa = PBXBuildFile; fileRef = 91E14D962A83D95A003BFD40 /* MainTabView.swift */; };
/* End PBXBuildFile section */

/* Begin PBXFileReference section */
		910F1D492A83C8A1008A9FA6 /* TwitterSwiftUIClone.app */ = {isa = PBXFileReference; explicitFileType = wrapper.application; includeInIndex = 0; path = TwitterSwiftUIClone.app; sourceTree = BUILT_PRODUCTS_DIR; };
		910F1D4C2A83C8A1008A9FA6 /* TwitterSwiftUICloneApp.swift */ = {isa = PBXFileReference; lastKnownFileType = sourcecode.swift; path = TwitterSwiftUICloneApp.swift; sourceTree = "<group>"; };
		910F1D4E2A83C8A1008A9FA6 /* ContentView.swift */ = {isa = PBXFileReference; lastKnownFileType = sourcecode.swift; path = ContentView.swift; sourceTree = "<group>"; };
		910F1D502A83C8A2008A9FA6 /* Assets.xcassets */ = {isa = PBXFileReference; lastKnownFileType = folder.assetcatalog; path = Assets.xcassets; sourceTree = "<group>"; };
		910F1D532A83C8A2008A9FA6 /* Preview Assets.xcassets */ = {isa = PBXFileReference; lastKnownFileType = folder.assetcatalog; path = "Preview Assets.xcassets"; sourceTree = "<group>"; };
		913E32A52A9EAD2F00D8E6FB /* ExploreView.swift */ = {isa = PBXFileReference; lastKnownFileType = sourcecode.swift; name = ExploreView.swift; path = ../../../../yaya/ExploreView.swift; sourceTree = "<group>"; };
		913E32A82A9EAD6000D8E6FB /* NotificationsView.swift */ = {isa = PBXFileReference; lastKnownFileType = sourcecode.swift; path = NotificationsView.swift; sourceTree = "<group>"; };
		913E32AB2A9EAD8A00D8E6FB /* MessagesView.swift */ = {isa = PBXFileReference; lastKnownFileType = sourcecode.swift; path = MessagesView.swift; sourceTree = "<group>"; };
		913E32AF2A9EAED800D8E6FB /* ProfileView.swift */ = {isa = PBXFileReference; lastKnownFileType = sourcecode.swift; path = ProfileView.swift; sourceTree = "<group>"; };
		913E32B22A9F76E500D8E6FB /* TweetFilterViewModel.swift */ = {isa = PBXFileReference; lastKnownFileType = sourcecode.swift; path = TweetFilterViewModel.swift; sourceTree = "<group>"; };
		913E32B62AA165AF00D8E6FB /* UserRowView.swift */ = {isa = PBXFileReference; lastKnownFileType = sourcecode.swift; path = UserRowView.swift; sourceTree = "<group>"; };
		91E14D902A83CFD1003BFD40 /* FeedView.swift */ = {isa = PBXFileReference; lastKnownFileType = sourcecode.swift; path = FeedView.swift; sourceTree = "<group>"; };
		91E14D932A83D089003BFD40 /* TweetRowView.swift */ = {isa = PBXFileReference; lastKnownFileType = sourcecode.swift; path = TweetRowView.swift; sourceTree = "<group>"; };
		91E14D962A83D95A003BFD40 /* MainTabView.swift */ = {isa = PBXFileReference; lastKnownFileType = sourcecode.swift; path = MainTabView.swift; sourceTree = "<group>"; };
/* End PBXFileReference section */

/* Begin PBXFrameworksBuildPhase section */
		910F1D462A83C8A1008A9FA6 /* Frameworks */ = {
			isa = PBXFrameworksBuildPhase;
			buildActionMask = 2147483647;
			files = (
			);
			runOnlyForDeploymentPostprocessing = 0;
		};
/* End PBXFrameworksBuildPhase section */

/* Begin PBXGroup section */
		910F1D402A83C8A1008A9FA6 = {
			isa = PBXGroup;
			children = (
				910F1D4B2A83C8A1008A9FA6 /* TwitterSwiftUIClone */,
				910F1D4A2A83C8A1008A9FA6 /* Products */,
			);
			sourceTree = "<group>";
		};
		910F1D4A2A83C8A1008A9FA6 /* Products */ = {
			isa = PBXGroup;
			children = (
				910F1D492A83C8A1008A9FA6 /* TwitterSwiftUIClone.app */,
			);
			name = Products;
			sourceTree = "<group>";
		};
		910F1D4B2A83C8A1008A9FA6 /* TwitterSwiftUIClone */ = {
			isa = PBXGroup;
			children = (
				91E14D952A83D945003BFD40 /* MainTab */,
				91E14D8B2A83CEC5003BFD40 /* Core */,
				910F1D4C2A83C8A1008A9FA6 /* TwitterSwiftUICloneApp.swift */,
				910F1D4E2A83C8A1008A9FA6 /* ContentView.swift */,
				910F1D502A83C8A2008A9FA6 /* Assets.xcassets */,
				910F1D522A83C8A2008A9FA6 /* Preview Content */,
			);
			path = TwitterSwiftUIClone;
			sourceTree = "<group>";
		};
		910F1D522A83C8A2008A9FA6 /* Preview Content */ = {
			isa = PBXGroup;
			children = (
				910F1D532A83C8A2008A9FA6 /* Preview Assets.xcassets */,
			);
			path = "Preview Content";
			sourceTree = "<group>";
		};
		913E32A32A9EAD1300D8E6FB /* Explore */ = {
			isa = PBXGroup;
			children = (
				913E32B52AA165A000D8E6FB /* Users */,
				913E32B42AA1658400D8E6FB /* ViewModels */,
				913E32A52A9EAD2F00D8E6FB /* ExploreView.swift */,
			);
			path = Explore;
			sourceTree = "<group>";
		};
		913E32A72A9EAD5200D8E6FB /* Notifications */ = {
			isa = PBXGroup;
			children = (
				913E32A82A9EAD6000D8E6FB /* NotificationsView.swift */,
			);
			path = Notifications;
			sourceTree = "<group>";
		};
		913E32AA2A9EAD7C00D8E6FB /* Messages */ = {
			isa = PBXGroup;
			children = (
				913E32AB2A9EAD8A00D8E6FB /* MessagesView.swift */,
			);
			path = Messages;
			sourceTree = "<group>";
		};
		913E32AE2A9EAEC900D8E6FB /* Profile */ = {
			isa = PBXGroup;
			children = (
				913E32B12A9F76CB00D8E6FB /* ViewModels */,
				913E32AF2A9EAED800D8E6FB /* ProfileView.swift */,
			);
			path = Profile;
			sourceTree = "<group>";
		};
		913E32B12A9F76CB00D8E6FB /* ViewModels */ = {
			isa = PBXGroup;
			children = (
				913E32B22A9F76E500D8E6FB /* TweetFilterViewModel.swift */,
			);
			path = ViewModels;
			sourceTree = "<group>";
		};
		913E32B42AA1658400D8E6FB /* ViewModels */ = {
			isa = PBXGroup;
			children = (
			);
			path = ViewModels;
			sourceTree = "<group>";
		};
		913E32B52AA165A000D8E6FB /* Users */ = {
			isa = PBXGroup;
			children = (
				913E32B62AA165AF00D8E6FB /* UserRowView.swift */,
			);
			path = Users;
			sourceTree = "<group>";
		};
		91E14D8B2A83CEC5003BFD40 /* Core */ = {
			isa = PBXGroup;
			children = (
				913E32AE2A9EAEC900D8E6FB /* Profile */,
				913E32AA2A9EAD7C00D8E6FB /* Messages */,
				913E32A72A9EAD5200D8E6FB /* Notifications */,
				913E32A32A9EAD1300D8E6FB /* Explore */,
				91E14D8D2A83CED7003BFD40 /* Feed */,
			);
			path = Core;
			sourceTree = "<group>";
		};
		91E14D8D2A83CED7003BFD40 /* Feed */ = {
			isa = PBXGroup;
			children = (
				91E14D8F2A83CFBD003BFD40 /* ViewModels */,
				91E14D8E2A83CFB7003BFD40 /* View */,
			);
			path = Feed;
			sourceTree = "<group>";
		};
		91E14D8E2A83CFB7003BFD40 /* View */ = {
			isa = PBXGroup;
			children = (
				91E14D902A83CFD1003BFD40 /* FeedView.swift */,
			);
			path = View;
			sourceTree = "<group>";
		};
		91E14D8F2A83CFBD003BFD40 /* ViewModels */ = {
			isa = PBXGroup;
			children = (
				91E14D922A83D03D003BFD40 /* Tweets */,
			);
			path = ViewModels;
			sourceTree = "<group>";
		};
		91E14D922A83D03D003BFD40 /* Tweets */ = {
			isa = PBXGroup;
			children = (
				91E14D932A83D089003BFD40 /* TweetRowView.swift */,
			);
			path = Tweets;
			sourceTree = "<group>";
		};
		91E14D952A83D945003BFD40 /* MainTab */ = {
			isa = PBXGroup;
			children = (
				91E14D962A83D95A003BFD40 /* MainTabView.swift */,
			);
			path = MainTab;
			sourceTree = "<group>";
		};
/* End PBXGroup section */

/* Begin PBXNativeTarget section */
		910F1D482A83C8A1008A9FA6 /* TwitterSwiftUIClone */ = {
			isa = PBXNativeTarget;
			buildConfigurationList = 910F1D572A83C8A2008A9FA6 /* Build configuration list for PBXNativeTarget "TwitterSwiftUIClone" */;
			buildPhases = (
				910F1D452A83C8A1008A9FA6 /* Sources */,
				910F1D462A83C8A1008A9FA6 /* Frameworks */,
				910F1D472A83C8A1008A9FA6 /* Resources */,
			);
			buildRules = (
			);
			dependencies = (
			);
			name = TwitterSwiftUIClone;
			productName = TwitterSwiftUIClone;
			productReference = 910F1D492A83C8A1008A9FA6 /* TwitterSwiftUIClone.app */;
			productType = "com.apple.product-type.application";
		};
/* End PBXNativeTarget section */

/* Begin PBXProject section */
		910F1D412A83C8A1008A9FA6 /* Project object */ = {
			isa = PBXProject;
			attributes = {
				BuildIndependentTargetsInParallel = 1;
				LastSwiftUpdateCheck = 1410;
				LastUpgradeCheck = 1410;
				TargetAttributes = {
					910F1D482A83C8A1008A9FA6 = {
						CreatedOnToolsVersion = 14.1;
					};
				};
			};
			buildConfigurationList = 910F1D442A83C8A1008A9FA6 /* Build configuration list for PBXProject "TwitterSwiftUIClone" */;
			compatibilityVersion = "Xcode 14.0";
			developmentRegion = en;
			hasScannedForEncodings = 0;
			knownRegions = (
				en,
				Base,
			);
			mainGroup = 910F1D402A83C8A1008A9FA6;
			productRefGroup = 910F1D4A2A83C8A1008A9FA6 /* Products */;
			projectDirPath = "";
			projectRoot = "";
			targets = (
				910F1D482A83C8A1008A9FA6 /* TwitterSwiftUIClone */,
			);
		};
/* End PBXProject section */

/* Begin PBXResourcesBuildPhase section */
		910F1D472A83C8A1008A9FA6 /* Resources */ = {
			isa = PBXResourcesBuildPhase;
			buildActionMask = 2147483647;
			files = (
				910F1D542A83C8A2008A9FA6 /* Preview Assets.xcassets in Resources */,
				910F1D512A83C8A2008A9FA6 /* Assets.xcassets in Resources */,
			);
			runOnlyForDeploymentPostprocessing = 0;
		};
/* End PBXResourcesBuildPhase section */

/* Begin PBXSourcesBuildPhase section */
		910F1D452A83C8A1008A9FA6 /* Sources */ = {
			isa = PBXSourcesBuildPhase;
			buildActionMask = 2147483647;
			files = (
				913E32AC2A9EAD8A00D8E6FB /* MessagesView.swift in Sources */,
				913E32B02A9EAED800D8E6FB /* ProfileView.swift in Sources */,
				910F1D4F2A83C8A1008A9FA6 /* ContentView.swift in Sources */,
				91E14D942A83D089003BFD40 /* TweetRowView.swift in Sources */,
				913E32B32A9F76E500D8E6FB /* TweetFilterViewModel.swift in Sources */,
				91E14D912A83CFD1003BFD40 /* FeedView.swift in Sources */,
				910F1D4D2A83C8A1008A9FA6 /* TwitterSwiftUICloneApp.swift in Sources */,
				913E32A62A9EAD2F00D8E6FB /* ExploreView.swift in Sources */,
				913E32B72AA165AF00D8E6FB /* UserRowView.swift in Sources */,
				91E14D972A83D95A003BFD40 /* MainTabView.swift in Sources */,
				913E32A92A9EAD6000D8E6FB /* NotificationsView.swift in Sources */,
			);
			runOnlyForDeploymentPostprocessing = 0;
		};
/* End PBXSourcesBuildPhase section */

/* Begin XCBuildConfiguration section */
		910F1D552A83C8A2008A9FA6 /* Debug */ = {
			isa = XCBuildConfiguration;
			buildSettings = {
				ALWAYS_SEARCH_USER_PATHS = NO;
				CLANG_ANALYZER_NONNULL = YES;
				CLANG_ANALYZER_NUMBER_OBJECT_CONVERSION = YES_AGGRESSIVE;
				CLANG_CXX_LANGUAGE_STANDARD = "gnu++20";
				CLANG_ENABLE_MODULES = YES;
				CLANG_ENABLE_OBJC_ARC = YES;
				CLANG_ENABLE_OBJC_WEAK = YES;
				CLANG_WARN_BLOCK_CAPTURE_AUTORELEASING = YES;
				CLANG_WARN_BOOL_CONVERSION = YES;
				CLANG_WARN_COMMA = YES;
				CLANG_WARN_CONSTANT_CONVERSION = YES;
				CLANG_WARN_DEPRECATED_OBJC_IMPLEMENTATIONS = YES;
				CLANG_WARN_DIRECT_OBJC_ISA_USAGE = YES_ERROR;
				CLANG_WARN_DOCUMENTATION_COMMENTS = YES;
				CLANG_WARN_EMPTY_BODY = YES;
				CLANG_WARN_ENUM_CONVERSION = YES;
				CLANG_WARN_INFINITE_RECURSION = YES;
				CLANG_WARN_INT_CONVERSION = YES;
				CLANG_WARN_NON_LITERAL_NULL_CONVERSION = YES;
				CLANG_WARN_OBJC_IMPLICIT_RETAIN_SELF = YES;
				CLANG_WARN_OBJC_LITERAL_CONVERSION = YES;
				CLANG_WARN_OBJC_ROOT_CLASS = YES_ERROR;
				CLANG_WARN_QUOTED_INCLUDE_IN_FRAMEWORK_HEADER = YES;
				CLANG_WARN_RANGE_LOOP_ANALYSIS = YES;
				CLANG_WARN_STRICT_PROTOTYPES = YES;
				CLANG_WARN_SUSPICIOUS_MOVE = YES;
				CLANG_WARN_UNGUARDED_AVAILABILITY = YES_AGGRESSIVE;
				CLANG_WARN_UNREACHABLE_CODE = YES;
				CLANG_WARN__DUPLICATE_METHOD_MATCH = YES;
				COPY_PHASE_STRIP = NO;
				DEBUG_INFORMATION_FORMAT = dwarf;
				ENABLE_STRICT_OBJC_MSGSEND = YES;
				ENABLE_TESTABILITY = YES;
				GCC_C_LANGUAGE_STANDARD = gnu11;
				GCC_DYNAMIC_NO_PIC = NO;
				GCC_NO_COMMON_BLOCKS = YES;
				GCC_OPTIMIZATION_LEVEL = 0;
				GCC_PREPROCESSOR_DEFINITIONS = (
					"DEBUG=1",
					"$(inherited)",
				);
				GCC_WARN_64_TO_32_BIT_CONVERSION = YES;
				GCC_WARN_ABOUT_RETURN_TYPE = YES_ERROR;
				GCC_WARN_UNDECLARED_SELECTOR = YES;
				GCC_WARN_UNINITIALIZED_AUTOS = YES_AGGRESSIVE;
				GCC_WARN_UNUSED_FUNCTION = YES;
				GCC_WARN_UNUSED_VARIABLE = YES;
				IPHONEOS_DEPLOYMENT_TARGET = 16.1;
				MTL_ENABLE_DEBUG_INFO = INCLUDE_SOURCE;
				MTL_FAST_MATH = YES;
				ONLY_ACTIVE_ARCH = YES;
				SDKROOT = iphoneos;
				SWIFT_ACTIVE_COMPILATION_CONDITIONS = DEBUG;
				SWIFT_OPTIMIZATION_LEVEL = "-Onone";
			};
			name = Debug;
		};
		910F1D562A83C8A2008A9FA6 /* Release */ = {
			isa = XCBuildConfiguration;
			buildSettings = {
				ALWAYS_SEARCH_USER_PATHS = NO;
				CLANG_ANALYZER_NONNULL = YES;
				CLANG_ANALYZER_NUMBER_OBJECT_CONVERSION = YES_AGGRESSIVE;
				CLANG_CXX_LANGUAGE_STANDARD = "gnu++20";
				CLANG_ENABLE_MODULES = YES;
				CLANG_ENABLE_OBJC_ARC = YES;
				CLANG_ENABLE_OBJC_WEAK = YES;
				CLANG_WARN_BLOCK_CAPTURE_AUTORELEASING = YES;
				CLANG_WARN_BOOL_CONVERSION = YES;
				CLANG_WARN_COMMA = YES;
				CLANG_WARN_CONSTANT_CONVERSION = YES;
				CLANG_WARN_DEPRECATED_OBJC_IMPLEMENTATIONS = YES;
				CLANG_WARN_DIRECT_OBJC_ISA_USAGE = YES_ERROR;
				CLANG_WARN_DOCUMENTATION_COMMENTS = YES;
				CLANG_WARN_EMPTY_BODY = YES;
				CLANG_WARN_ENUM_CONVERSION = YES;
				CLANG_WARN_INFINITE_RECURSION = YES;
				CLANG_WARN_INT_CONVERSION = YES;
				CLANG_WARN_NON_LITERAL_NULL_CONVERSION = YES;
				CLANG_WARN_OBJC_IMPLICIT_RETAIN_SELF = YES;
				CLANG_WARN_OBJC_LITERAL_CONVERSION = YES;
				CLANG_WARN_OBJC_ROOT_CLASS = YES_ERROR;
				CLANG_WARN_QUOTED_INCLUDE_IN_FRAMEWORK_HEADER = YES;
				CLANG_WARN_RANGE_LOOP_ANALYSIS = YES;
				CLANG_WARN_STRICT_PROTOTYPES = YES;
				CLANG_WARN_SUSPICIOUS_MOVE = YES;
				CLANG_WARN_UNGUARDED_AVAILABILITY = YES_AGGRESSIVE;
				CLANG_WARN_UNREACHABLE_CODE = YES;
				CLANG_WARN__DUPLICATE_METHOD_MATCH = YES;
				COPY_PHASE_STRIP = NO;
				DEBUG_INFORMATION_FORMAT = "dwarf-with-dsym";
				ENABLE_NS_ASSERTIONS = NO;
				ENABLE_STRICT_OBJC_MSGSEND = YES;
				GCC_C_LANGUAGE_STANDARD = gnu11;
				GCC_NO_COMMON_BLOCKS = YES;
				GCC_WARN_64_TO_32_BIT_CONVERSION = YES;
				GCC_WARN_ABOUT_RETURN_TYPE = YES_ERROR;
				GCC_WARN_UNDECLARED_SELECTOR = YES;
				GCC_WARN_UNINITIALIZED_AUTOS = YES_AGGRESSIVE;
				GCC_WARN_UNUSED_FUNCTION = YES;
				GCC_WARN_UNUSED_VARIABLE = YES;
				IPHONEOS_DEPLOYMENT_TARGET = 16.1;
				MTL_ENABLE_DEBUG_INFO = NO;
				MTL_FAST_MATH = YES;
				SDKROOT = iphoneos;
				SWIFT_COMPILATION_MODE = wholemodule;
				SWIFT_OPTIMIZATION_LEVEL = "-O";
				VALIDATE_PRODUCT = YES;
			};
			name = Release;
		};
		910F1D582A83C8A2008A9FA6 /* Debug */ = {
			isa = XCBuildConfiguration;
			buildSettings = {
				ASSETCATALOG_COMPILER_APPICON_NAME = AppIcon;
				ASSETCATALOG_COMPILER_GLOBAL_ACCENT_COLOR_NAME = AccentColor;
				CODE_SIGN_STYLE = Automatic;
				CURRENT_PROJECT_VERSION = 1;
				DEVELOPMENT_ASSET_PATHS = "\"TwitterSwiftUIClone/Preview Content\"";
				DEVELOPMENT_TEAM = 23TBX66FX3;
				ENABLE_PREVIEWS = YES;
				GENERATE_INFOPLIST_FILE = YES;
				INFOPLIST_KEY_UIApplicationSceneManifest_Generation = YES;
				INFOPLIST_KEY_UIApplicationSupportsIndirectInputEvents = YES;
				INFOPLIST_KEY_UILaunchScreen_Generation = YES;
				INFOPLIST_KEY_UISupportedInterfaceOrientations_iPad = "UIInterfaceOrientationPortrait UIInterfaceOrientationPortraitUpsideDown UIInterfaceOrientationLandscapeLeft UIInterfaceOrientationLandscapeRight";
				INFOPLIST_KEY_UISupportedInterfaceOrientations_iPhone = "UIInterfaceOrientationPortrait UIInterfaceOrientationLandscapeLeft UIInterfaceOrientationLandscapeRight";
				LD_RUNPATH_SEARCH_PATHS = (
					"$(inherited)",
					"@executable_path/Frameworks",
				);
				MARKETING_VERSION = 1.0;
				PRODUCT_BUNDLE_IDENTIFIER = RaphaelHenriq.github.com.TwitterSwiftUIClone;
				PRODUCT_NAME = "$(TARGET_NAME)";
				SWIFT_EMIT_LOC_STRINGS = YES;
				SWIFT_VERSION = 5.0;
				TARGETED_DEVICE_FAMILY = "1,2";
			};
			name = Debug;
		};
		910F1D592A83C8A2008A9FA6 /* Release */ = {
			isa = XCBuildConfiguration;
			buildSettings = {
				ASSETCATALOG_COMPILER_APPICON_NAME = AppIcon;
				ASSETCATALOG_COMPILER_GLOBAL_ACCENT_COLOR_NAME = AccentColor;
				CODE_SIGN_STYLE = Automatic;
				CURRENT_PROJECT_VERSION = 1;
				DEVELOPMENT_ASSET_PATHS = "\"TwitterSwiftUIClone/Preview Content\"";
				DEVELOPMENT_TEAM = 23TBX66FX3;
				ENABLE_PREVIEWS = YES;
				GENERATE_INFOPLIST_FILE = YES;
				INFOPLIST_KEY_UIApplicationSceneManifest_Generation = YES;
				INFOPLIST_KEY_UIApplicationSupportsIndirectInputEvents = YES;
				INFOPLIST_KEY_UILaunchScreen_Generation = YES;
				INFOPLIST_KEY_UISupportedInterfaceOrientations_iPad = "UIInterfaceOrientationPortrait UIInterfaceOrientationPortraitUpsideDown UIInterfaceOrientationLandscapeLeft UIInterfaceOrientationLandscapeRight";
				INFOPLIST_KEY_UISupportedInterfaceOrientations_iPhone = "UIInterfaceOrientationPortrait UIInterfaceOrientationLandscapeLeft UIInterfaceOrientationLandscapeRight";
				LD_RUNPATH_SEARCH_PATHS = (
					"$(inherited)",
					"@executable_path/Frameworks",
				);
				MARKETING_VERSION = 1.0;
				PRODUCT_BUNDLE_IDENTIFIER = RaphaelHenriq.github.com.TwitterSwiftUIClone;
				PRODUCT_NAME = "$(TARGET_NAME)";
				SWIFT_EMIT_LOC_STRINGS = YES;
				SWIFT_VERSION = 5.0;
				TARGETED_DEVICE_FAMILY = "1,2";
			};
			name = Release;
		};
/* End XCBuildConfiguration section */

/* Begin XCConfigurationList section */
		910F1D442A83C8A1008A9FA6 /* Build configuration list for PBXProject "TwitterSwiftUIClone" */ = {
			isa = XCConfigurationList;
			buildConfigurations = (
				910F1D552A83C8A2008A9FA6 /* Debug */,
				910F1D562A83C8A2008A9FA6 /* Release */,
			);
			defaultConfigurationIsVisible = 0;
			defaultConfigurationName = Release;
		};
		910F1D572A83C8A2008A9FA6 /* Build configuration list for PBXNativeTarget "TwitterSwiftUIClone" */ = {
			isa = XCConfigurationList;
			buildConfigurations = (
				910F1D582A83C8A2008A9FA6 /* Debug */,
				910F1D592A83C8A2008A9FA6 /* Release */,
			);
			defaultConfigurationIsVisible = 0;
			defaultConfigurationName = Release;
		};
/* End XCConfigurationList section */
	};
	rootObject = 910F1D412A83C8A1008A9FA6 /* Project object */;
}
